
Microsoft Visual Studio Solution File, Format Version 12.00
# Visual Studio 15
VisualStudioVersion = 15.0.28307.572
MinimumVisualStudioVersion = 10.0.40219.1
Project("{FAE04EC0-301F-11D3-BF4B-00C04F79EFBC}") = "CosmosBasicApi", "CosmosBasicApi\CosmosBasicApi.csproj", "{5EA6E0ED-17E7-42E1-B841-3FA79778ECA8}"
EndProject
Project("{FAE04EC0-301F-11D3-BF4B-00C04F79EFBC}") = "CosmosChangeFeed", "CosmosChangeFeed\CosmosChangeFeed.csproj", "{B07D5498-A6F6-4518-9B0E-7C024F807D76}"
EndProject
Global
	GlobalSection(SolutionConfigurationPlatforms) = preSolution
		Debug|Any CPU = Debug|Any CPU
		Release|Any CPU = Release|Any CPU
	EndGlobalSection
	GlobalSection(ProjectConfigurationPlatforms) = postSolution
		{5EA6E0ED-17E7-42E1-B841-3FA79778ECA8}.Debug|Any CPU.ActiveCfg = Debug|Any CPU
		{5EA6E0ED-17E7-42E1-B841-3FA79778ECA8}.Debug|Any CPU.Build.0 = Debug|Any CPU
		{5EA6E0ED-17E7-42E1-B841-3FA79778ECA8}.Release|Any CPU.ActiveCfg = Release|Any CPU
		{5EA6E0ED-17E7-42E1-B841-3FA79778ECA8}.Release|Any CPU.Build.0 = Release|Any CPU
		{B07D5498-A6F6-4518-9B0E-7C024F807D76}.Debug|Any CPU.ActiveCfg = Debug|Any CPU
		{B07D5498-A6F6-4518-9B0E-7C024F807D76}.Debug|Any CPU.Build.0 = Debug|Any CPU
		{B07D5498-A6F6-4518-9B0E-7C024F807D76}.Release|Any CPU.ActiveCfg = Release|Any CPU
		{B07D5498-A6F6-4518-9B0E-7C024F807D76}.Release|Any CPU.Build.0 = Release|Any CPU
	EndGlobalSection
	GlobalSection(SolutionProperties) = preSolution
		HideSolutionNode = FALSE
	EndGlobalSection
	GlobalSection(ExtensibilityGlobals) = postSolution
		SolutionGuid = {9A728A0D-30BF-47B6-9C9A-608E5ECA141A}
	EndGlobalSection
EndGlobal
