
Microsoft Visual Studio Solution File, Format Version 12.00
# Visual Studio 15
VisualStudioVersion = 15.0.27428.2037
MinimumVisualStudioVersion = 10.0.40219.1
Project("{FAE04EC0-301F-11D3-BF4B-00C04F79EFBC}") = "CombinedLanguageExampleApi", "CombinedLanguageExampleApi\CombinedLanguageExampleApi.csproj", "{745DC0AE-189B-4AB1-A5AB-6AC21E7673BA}"
EndProject
Project("{FAE04EC0-301F-11D3-BF4B-00C04F79EFBC}") = "Models", "Models\Models.csproj", "{A62017B9-58D5-46D0-AEC8-E5590E78493D}"
EndProject
Project("{F2A71F9B-5D33-465A-A702-920D77279786}") = "FSharpServices", "FSharpServices\FSharpServices.fsproj", "{A5CB64DC-A510-4F6B-8390-63559F7AC5F4}"
EndProject
Project("{FAE04EC0-301F-11D3-BF4B-00C04F79EFBC}") = "CSharpServices", "CSharpServices\CSharpServices.csproj", "{487DE074-21CE-4CBE-AB88-FA734E953E1C}"
EndProject
Global
	GlobalSection(SolutionConfigurationPlatforms) = preSolution
		Debug|Any CPU = Debug|Any CPU
		Release|Any CPU = Release|Any CPU
	EndGlobalSection
	GlobalSection(ProjectConfigurationPlatforms) = postSolution
		{745DC0AE-189B-4AB1-A5AB-6AC21E7673BA}.Debug|Any CPU.ActiveCfg = Debug|Any CPU
		{745DC0AE-189B-4AB1-A5AB-6AC21E7673BA}.Debug|Any CPU.Build.0 = Debug|Any CPU
		{745DC0AE-189B-4AB1-A5AB-6AC21E7673BA}.Release|Any CPU.ActiveCfg = Release|Any CPU
		{745DC0AE-189B-4AB1-A5AB-6AC21E7673BA}.Release|Any CPU.Build.0 = Release|Any CPU
		{A62017B9-58D5-46D0-AEC8-E5590E78493D}.Debug|Any CPU.ActiveCfg = Debug|Any CPU
		{A62017B9-58D5-46D0-AEC8-E5590E78493D}.Debug|Any CPU.Build.0 = Debug|Any CPU
		{A62017B9-58D5-46D0-AEC8-E5590E78493D}.Release|Any CPU.ActiveCfg = Release|Any CPU
		{A62017B9-58D5-46D0-AEC8-E5590E78493D}.Release|Any CPU.Build.0 = Release|Any CPU
		{A5CB64DC-A510-4F6B-8390-63559F7AC5F4}.Debug|Any CPU.ActiveCfg = Debug|Any CPU
		{A5CB64DC-A510-4F6B-8390-63559F7AC5F4}.Debug|Any CPU.Build.0 = Debug|Any CPU
		{A5CB64DC-A510-4F6B-8390-63559F7AC5F4}.Release|Any CPU.ActiveCfg = Release|Any CPU
		{A5CB64DC-A510-4F6B-8390-63559F7AC5F4}.Release|Any CPU.Build.0 = Release|Any CPU
		{487DE074-21CE-4CBE-AB88-FA734E953E1C}.Debug|Any CPU.ActiveCfg = Debug|Any CPU
		{487DE074-21CE-4CBE-AB88-FA734E953E1C}.Debug|Any CPU.Build.0 = Debug|Any CPU
		{487DE074-21CE-4CBE-AB88-FA734E953E1C}.Release|Any CPU.ActiveCfg = Release|Any CPU
		{487DE074-21CE-4CBE-AB88-FA734E953E1C}.Release|Any CPU.Build.0 = Release|Any CPU
	EndGlobalSection
	GlobalSection(SolutionProperties) = preSolution
		HideSolutionNode = FALSE
	EndGlobalSection
	GlobalSection(ExtensibilityGlobals) = postSolution
		SolutionGuid = {E748B058-F727-46B8-AED4-78F84F5B3BE3}
	EndGlobalSection
EndGlobal
